// !$*UTF8*$!
{
	archiveVersion = 1;
	classes = {
	};
	objectVersion = 46;
	objects = {

/* Begin PBXBuildFile section */
		EAFF14131B4AC31F00281EED /* main.m in Sources */ = {isa = PBXBuildFile; fileRef = EAFF14121B4AC31F00281EED /* main.m */; };
		EAFF14161B4AC31F00281EED /* AppDelegate.m in Sources */ = {isa = PBXBuildFile; fileRef = EAFF14151B4AC31F00281EED /* AppDelegate.m */; };
		EAFF14191B4AC31F00281EED /* ViewController.m in Sources */ = {isa = PBXBuildFile; fileRef = EAFF14181B4AC31F00281EED /* ViewController.m */; };
		EAFF141C1B4AC31F00281EED /* Main.storyboard in Resources */ = {isa = PBXBuildFile; fileRef = EAFF141A1B4AC31F00281EED /* Main.storyboard */; };
		EAFF141E1B4AC31F00281EED /* Images.xcassets in Resources */ = {isa = PBXBuildFile; fileRef = EAFF141D1B4AC31F00281EED /* Images.xcassets */; };
		EAFF14211B4AC31F00281EED /* LaunchScreen.xib in Resources */ = {isa = PBXBuildFile; fileRef = EAFF141F1B4AC31F00281EED /* LaunchScreen.xib */; };
		EAFF142D1B4AC31F00281EED /* TestTests.m in Sources */ = {isa = PBXBuildFile; fileRef = EAFF142C1B4AC31F00281EED /* TestTests.m */; };
/* End PBXBuildFile section */

/* Begin PBXContainerItemProxy section */
		EAFF14271B4AC31F00281EED /* PBXContainerItemProxy */ = {
			isa = PBXContainerItemProxy;
			containerPortal = EAFF14051B4AC31F00281EED /* Project object */;
			proxyType = 1;
			remoteGlobalIDString = EAFF140C1B4AC31F00281EED;
			remoteInfo = Test;
		};
/* End PBXContainerItemProxy section */

/* Begin PBXFileReference section */
		EAFF140D1B4AC31F00281EED /* Test.app */ = {isa = PBXFileReference; explicitFileType = wrapper.application; includeInIndex = 0; path = Test.app; sourceTree = BUILT_PRODUCTS_DIR; };
		EAFF14111B4AC31F00281EED /* Info.plist */ = {isa = PBXFileReference; lastKnownFileType = text.plist.xml; path = Info.plist; sourceTree = "<group>"; };
		EAFF14121B4AC31F00281EED /* main.m */ = {isa = PBXFileReference; lastKnownFileType = sourcecode.c.objc; path = main.m; sourceTree = "<group>"; };
		EAFF14141B4AC31F00281EED /* AppDelegate.h */ = {isa = PBXFileReference; lastKnownFileType = sourcecode.c.h; path = AppDelegate.h; sourceTree = "<group>"; };
		EAFF14151B4AC31F00281EED /* AppDelegate.m */ = {isa = PBXFileReference; lastKnownFileType = sourcecode.c.objc; path = AppDelegate.m; sourceTree = "<group>"; };
		EAFF14171B4AC31F00281EED /* ViewController.h */ = {isa = PBXFileReference; lastKnownFileType = sourcecode.c.h; path = ViewController.h; sourceTree = "<group>"; };
		EAFF14181B4AC31F00281EED /* ViewController.m */ = {isa = PBXFileReference; lastKnownFileType = sourcecode.c.objc; path = ViewController.m; sourceTree = "<group>"; };
		EAFF141B1B4AC31F00281EED /* Base */ = {isa = PBXFileReference; lastKnownFileType = file.storyboard; name = Base; path = Base.lproj/Main.storyboard; sourceTree = "<group>"; };
		EAFF141D1B4AC31F00281EED /* Images.xcassets */ = {isa = PBXFileReference; lastKnownFileType = folder.assetcatalog; path = Images.xcassets; sourceTree = "<group>"; };
		EAFF14201B4AC31F00281EED /* Base */ = {isa = PBXFileReference; lastKnownFileType = file.xib; name = Base; path = Base.lproj/LaunchScreen.xib; sourceTree = "<group>"; };
		EAFF14261B4AC31F00281EED /* TestTests.xctest */ = {isa = PBXFileReference; explicitFileType = wrapper.cfbundle; includeInIndex = 0; path = TestTests.xctest; sourceTree = BUILT_PRODUCTS_DIR; };
		EAFF142B1B4AC31F00281EED /* Info.plist */ = {isa = PBXFileReference; lastKnownFileType = text.plist.xml; path = Info.plist; sourceTree = "<group>"; };
		EAFF142C1B4AC31F00281EED /* TestTests.m */ = {isa = PBXFileReference; lastKnownFileType = sourcecode.c.objc; path = TestTests.m; sourceTree = "<group>"; };
/* End PBXFileReference section */

/* Begin PBXFrameworksBuildPhase section */
		EAFF140A1B4AC31F00281EED /* Frameworks */ = {
			isa = PBXFrameworksBuildPhase;
			buildActionMask = 2147483647;
			files = (
			);
			runOnlyForDeploymentPostprocessing = 0;
		};
		EAFF14231B4AC31F00281EED /* Frameworks */ = {
			isa = PBXFrameworksBuildPhase;
			buildActionMask = 2147483647;
			files = (
			);
			runOnlyForDeploymentPostprocessing = 0;
		};
/* End PBXFrameworksBuildPhase section */

/* Begin PBXGroup section */
		EAFF14041B4AC31F00281EED = {
			isa = PBXGroup;
			children = (
				EAFF140F1B4AC31F00281EED /* Test */,
				EAFF14291B4AC31F00281EED /* TestTests */,
				EAFF140E1B4AC31F00281EED /* Products */,
			);
			sourceTree = "<group>";
		};
		EAFF140E1B4AC31F00281EED /* Products */ = {
			isa = PBXGroup;
			children = (
				EAFF140D1B4AC31F00281EED /* Test.app */,
				EAFF14261B4AC31F00281EED /* TestTests.xctest */,
			);
			name = Products;
			sourceTree = "<group>";
		};
		EAFF140F1B4AC31F00281EED /* Test */ = {
			isa = PBXGroup;
			children = (
				EAFF14141B4AC31F00281EED /* AppDelegate.h */,
				EAFF14151B4AC31F00281EED /* AppDelegate.m */,
				EAFF14171B4AC31F00281EED /* ViewController.h */,
				EAFF14181B4AC31F00281EED /* ViewController.m */,
				EAFF141A1B4AC31F00281EED /* Main.storyboard */,
				EAFF141D1B4AC31F00281EED /* Images.xcassets */,
				EAFF141F1B4AC31F00281EED /* LaunchScreen.xib */,
				EAFF14101B4AC31F00281EED /* Supporting Files */,
			);
			path = Test;
			sourceTree = "<group>";
		};
		EAFF14101B4AC31F00281EED /* Supporting Files */ = {
			isa = PBXGroup;
			children = (
				EAFF14111B4AC31F00281EED /* Info.plist */,
				EAFF14121B4AC31F00281EED /* main.m */,
			);
			name = "Supporting Files";
			sourceTree = "<group>";
		};
		EAFF14291B4AC31F00281EED /* TestTests */ = {
			isa = PBXGroup;
			children = (
				EAFF142C1B4AC31F00281EED /* TestTests.m */,
				EAFF142A1B4AC31F00281EED /* Supporting Files */,
			);
			path = TestTests;
			sourceTree = "<group>";
		};
		EAFF142A1B4AC31F00281EED /* Supporting Files */ = {
			isa = PBXGroup;
			children = (
				EAFF142B1B4AC31F00281EED /* Info.plist */,
			);
			name = "Supporting Files";
			sourceTree = "<group>";
		};
/* End PBXGroup section */

/* Begin PBXNativeTarget section */
		EAFF140C1B4AC31F00281EED /* Test */ = {
			isa = PBXNativeTarget;
			buildConfigurationList = EAFF14301B4AC31F00281EED /* Build configuration list for PBXNativeTarget "Test" */;
			buildPhases = (
				EAFF14091B4AC31F00281EED /* Sources */,
				EAFF140A1B4AC31F00281EED /* Frameworks */,
				EAFF140B1B4AC31F00281EED /* Resources */,
			);
			buildRules = (
			);
			dependencies = (
			);
			name = Test;
			productName = Test;
			productReference = EAFF140D1B4AC31F00281EED /* Test.app */;
			productType = "com.apple.product-type.application";
		};
		EAFF14251B4AC31F00281EED /* TestTests */ = {
			isa = PBXNativeTarget;
			buildConfigurationList = EAFF14331B4AC31F00281EED /* Build configuration list for PBXNativeTarget "TestTests" */;
			buildPhases = (
				EAFF14221B4AC31F00281EED /* Sources */,
				EAFF14231B4AC31F00281EED /* Frameworks */,
				EAFF14241B4AC31F00281EED /* Resources */,
			);
			buildRules = (
			);
			dependencies = (
				EAFF14281B4AC31F00281EED /* PBXTargetDependency */,
			);
			name = TestTests;
			productName = TestTests;
			productReference = EAFF14261B4AC31F00281EED /* TestTests.xctest */;
			productType = "com.apple.product-type.bundle.unit-test";
		};
/* End PBXNativeTarget section */

/* Begin PBXProject section */
		EAFF14051B4AC31F00281EED /* Project object */ = {
			isa = PBXProject;
			attributes = {
				LastUpgradeCheck = 0630;
				ORGANIZATIONNAME = Tony;
				TargetAttributes = {
					EAFF140C1B4AC31F00281EED = {
						CreatedOnToolsVersion = 6.3.2;
					};
					EAFF14251B4AC31F00281EED = {
						CreatedOnToolsVersion = 6.3.2;
						TestTargetID = EAFF140C1B4AC31F00281EED;
					};
				};
			};
			buildConfigurationList = EAFF14081B4AC31F00281EED /* Build configuration list for PBXProject "Test" */;
			compatibilityVersion = "Xcode 3.2";
			developmentRegion = English;
			hasScannedForEncodings = 0;
			knownRegions = (
				en,
				Base,
			);
			mainGroup = EAFF14041B4AC31F00281EED;
			productRefGroup = EAFF140E1B4AC31F00281EED /* Products */;
			projectDirPath = "";
			projectRoot = "";
			targets = (
				EAFF140C1B4AC31F00281EED /* Test */,
				EAFF14251B4AC31F00281EED /* TestTests */,
			);
		};
/* End PBXProject section */

/* Begin PBXResourcesBuildPhase section */
		EAFF140B1B4AC31F00281EED /* Resources */ = {
			isa = PBXResourcesBuildPhase;
			buildActionMask = 2147483647;
			files = (
				EAFF141C1B4AC31F00281EED /* Main.storyboard in Resources */,
				EAFF14211B4AC31F00281EED /* LaunchScreen.xib in Resources */,
				EAFF141E1B4AC31F00281EED /* Images.xcassets in Resources */,
			);
			runOnlyForDeploymentPostprocessing = 0;
		};
		EAFF14241B4AC31F00281EED /* Resources */ = {
			isa = PBXResourcesBuildPhase;
			buildActionMask = 2147483647;
			files = (
			);
			runOnlyForDeploymentPostprocessing = 0;
		};
/* End PBXResourcesBuildPhase section */

/* Begin PBXSourcesBuildPhase section */
		EAFF14091B4AC31F00281EED /* Sources */ = {
			isa = PBXSourcesBuildPhase;
			buildActionMask = 2147483647;
			files = (
				EAFF14191B4AC31F00281EED /* ViewController.m in Sources */,
				EAFF14161B4AC31F00281EED /* AppDelegate.m in Sources */,
				EAFF14131B4AC31F00281EED /* main.m in Sources */,
			);
			runOnlyForDeploymentPostprocessing = 0;
		};
		EAFF14221B4AC31F00281EED /* Sources */ = {
			isa = PBXSourcesBuildPhase;
			buildActionMask = 2147483647;
			files = (
				EAFF142D1B4AC31F00281EED /* TestTests.m in Sources */,
			);
			runOnlyForDeploymentPostprocessing = 0;
		};
/* End PBXSourcesBuildPhase section */

/* Begin PBXTargetDependency section */
		EAFF14281B4AC31F00281EED /* PBXTargetDependency */ = {
			isa = PBXTargetDependency;
			target = EAFF140C1B4AC31F00281EED /* Test */;
			targetProxy = EAFF14271B4AC31F00281EED /* PBXContainerItemProxy */;
		};
/* End PBXTargetDependency section */

/* Begin PBXVariantGroup section */
		EAFF141A1B4AC31F00281EED /* Main.storyboard */ = {
			isa = PBXVariantGroup;
			children = (
				EAFF141B1B4AC31F00281EED /* Base */,
			);
			name = Main.storyboard;
			sourceTree = "<group>";
		};
		EAFF141F1B4AC31F00281EED /* LaunchScreen.xib */ = {
			isa = PBXVariantGroup;
			children = (
				EAFF14201B4AC31F00281EED /* Base */,
			);
			name = LaunchScreen.xib;
			sourceTree = "<group>";
		};
/* End PBXVariantGroup section */

/* Begin XCBuildConfiguration section */
		EAFF142E1B4AC31F00281EED /* Debug */ = {
			isa = XCBuildConfiguration;
			buildSettings = {
				ALWAYS_SEARCH_USER_PATHS = NO;
				CLANG_CXX_LANGUAGE_STANDARD = "gnu++0x";
				CLANG_CXX_LIBRARY = "libc++";
				CLANG_ENABLE_MODULES = YES;
				CLANG_ENABLE_OBJC_ARC = YES;
				CLANG_WARN_BOOL_CONVERSION = YES;
				CLANG_WARN_CONSTANT_CONVERSION = YES;
				CLANG_WARN_DIRECT_OBJC_ISA_USAGE = YES_ERROR;
				CLANG_WARN_EMPTY_BODY = YES;
				CLANG_WARN_ENUM_CONVERSION = YES;
				CLANG_WARN_INT_CONVERSION = YES;
				CLANG_WARN_OBJC_ROOT_CLASS = YES_ERROR;
				CLANG_WARN_UNREACHABLE_CODE = YES;
				CLANG_WARN__DUPLICATE_METHOD_MATCH = YES;
				"CODE_SIGN_IDENTITY[sdk=iphoneos*]" = "iPhone Developer";
				COPY_PHASE_STRIP = NO;
				DEBUG_INFORMATION_FORMAT = "dwarf-with-dsym";
				ENABLE_STRICT_OBJC_MSGSEND = YES;
				GCC_C_LANGUAGE_STANDARD = gnu99;
				GCC_DYNAMIC_NO_PIC = NO;
				GCC_NO_COMMON_BLOCKS = YES;
				GCC_OPTIMIZATION_LEVEL = 0;
				GCC_PREPROCESSOR_DEFINITIONS = (
					"DEBUG=1",
					"$(inherited)",
				);
				GCC_SYMBOLS_PRIVATE_EXTERN = NO;
				GCC_WARN_64_TO_32_BIT_CONVERSION = YES;
				GCC_WARN_ABOUT_RETURN_TYPE = YES_ERROR;
				GCC_WARN_UNDECLARED_SELECTOR = YES;
				GCC_WARN_UNINITIALIZED_AUTOS = YES_AGGRESSIVE;
				GCC_WARN_UNUSED_FUNCTION = YES;
				GCC_WARN_UNUSED_VARIABLE = YES;
				IPHONEOS_DEPLOYMENT_TARGET = 8.3;
				MTL_ENABLE_DEBUG_INFO = YES;
				ONLY_ACTIVE_ARCH = YES;
				SDKROOT = iphoneos;
			};
			name = Debug;
		};
		EAFF142F1B4AC31F00281EED /* Release */ = {
			isa = XCBuildConfiguration;
			buildSettings = {
				ALWAYS_SEARCH_USER_PATHS = NO;
				CLANG_CXX_LANGUAGE_STANDARD = "gnu++0x";
				CLANG_CXX_LIBRARY = "libc++";
				CLANG_ENABLE_MODULES = YES;
				CLANG_ENABLE_OBJC_ARC = YES;
				CLANG_WARN_BOOL_CONVERSION = YES;
				CLANG_WARN_CONSTANT_CONVERSION = YES;
				CLANG_WARN_DIRECT_OBJC_ISA_USAGE = YES_ERROR;
				CLANG_WARN_EMPTY_BODY = YES;
				CLANG_WARN_ENUM_CONVERSION = YES;
				CLANG_WARN_INT_CONVERSION = YES;
				CLANG_WARN_OBJC_ROOT_CLASS = YES_ERROR;
				CLANG_WARN_UNREACHABLE_CODE = YES;
				CLANG_WARN__DUPLICATE_METHOD_MATCH = YES;
				"CODE_SIGN_IDENTITY[sdk=iphoneos*]" = "iPhone Developer";
				COPY_PHASE_STRIP = NO;
				DEBUG_INFORMATION_FORMAT = "dwarf-with-dsym";
				ENABLE_NS_ASSERTIONS = NO;
				ENABLE_STRICT_OBJC_MSGSEND = YES;
				GCC_C_LANGUAGE_STANDARD = gnu99;
				GCC_NO_COMMON_BLOCKS = YES;
				GCC_WARN_64_TO_32_BIT_CONVERSION = YES;
				GCC_WARN_ABOUT_RETURN_TYPE = YES_ERROR;
				GCC_WARN_UNDECLARED_SELECTOR = YES;
				GCC_WARN_UNINITIALIZED_AUTOS = YES_AGGRESSIVE;
				GCC_WARN_UNUSED_FUNCTION = YES;
				GCC_WARN_UNUSED_VARIABLE = YES;
				IPHONEOS_DEPLOYMENT_TARGET = 8.3;
				MTL_ENABLE_DEBUG_INFO = NO;
				SDKROOT = iphoneos;
				VALIDATE_PRODUCT = YES;
			};
			name = Release;
		};
		EAFF14311B4AC31F00281EED /* Debug */ = {
			isa = XCBuildConfiguration;
			buildSettings = {
				ASSETCATALOG_COMPILER_APPICON_NAME = AppIcon;
				INFOPLIST_FILE = Test/Info.plist;
				LD_RUNPATH_SEARCH_PATHS = "$(inherited) @executable_path/Frameworks";
				PRODUCT_NAME = "$(TARGET_NAME)";
			};
			name = Debug;
		};
		EAFF14321B4AC31F00281EED /* Release */ = {
			isa = XCBuildConfiguration;
			buildSettings = {
				ASSETCATALOG_COMPILER_APPICON_NAME = AppIcon;
				INFOPLIST_FILE = Test/Info.plist;
				LD_RUNPATH_SEARCH_PATHS = "$(inherited) @executable_path/Frameworks";
				PRODUCT_NAME = "$(TARGET_NAME)";
			};
			name = Release;
		};
		EAFF14341B4AC31F00281EED /* Debug */ = {
			isa = XCBuildConfiguration;
			buildSettings = {
				BUNDLE_LOADER = "$(TEST_HOST)";
				FRAMEWORK_SEARCH_PATHS = (
					"$(SDKROOT)/Developer/Library/Frameworks",
					"$(inherited)",
				);
				GCC_PREPROCESSOR_DEFINITIONS = (
					"DEBUG=1",
					"$(inherited)",
				);
				INFOPLIST_FILE = TestTests/Info.plist;
				LD_RUNPATH_SEARCH_PATHS = "$(inherited) @executable_path/Frameworks @loader_path/Frameworks";
				PRODUCT_NAME = "$(TARGET_NAME)";
				TEST_HOST = "$(BUILT_PRODUCTS_DIR)/Test.app/Test";
			};
			name = Debug;
		};
		EAFF14351B4AC31F00281EED /* Release */ = {
			isa = XCBuildConfiguration;
			buildSettings = {
				BUNDLE_LOADER = "$(TEST_HOST)";
				FRAMEWORK_SEARCH_PATHS = (
					"$(SDKROOT)/Developer/Library/Frameworks",
					"$(inherited)",
				);
				INFOPLIST_FILE = TestTests/Info.plist;
				LD_RUNPATH_SEARCH_PATHS = "$(inherited) @executable_path/Frameworks @loader_path/Frameworks";
				PRODUCT_NAME = "$(TARGET_NAME)";
				TEST_HOST = "$(BUILT_PRODUCTS_DIR)/Test.app/Test";
			};
			name = Release;
		};
/* End XCBuildConfiguration section */

/* Begin XCConfigurationList section */
		EAFF14081B4AC31F00281EED /* Build configuration list for PBXProject "Test" */ = {
			isa = XCConfigurationList;
			buildConfigurations = (
				EAFF142E1B4AC31F00281EED /* Debug */,
				EAFF142F1B4AC31F00281EED /* Release */,
			);
			defaultConfigurationIsVisible = 0;
			defaultConfigurationName = Release;
		};
		EAFF14301B4AC31F00281EED /* Build configuration list for PBXNativeTarget "Test" */ = {
			isa = XCConfigurationList;
			buildConfigurations = (
				EAFF14311B4AC31F00281EED /* Debug */,
				EAFF14321B4AC31F00281EED /* Release */,
			);
			defaultConfigurationIsVisible = 0;
		};
		EAFF14331B4AC31F00281EED /* Build configuration list for PBXNativeTarget "TestTests" */ = {
			isa = XCConfigurationList;
			buildConfigurations = (
				EAFF14341B4AC31F00281EED /* Debug */,
				EAFF14351B4AC31F00281EED /* Release */,
			);
			defaultConfigurationIsVisible = 0;
		};
/* End XCConfigurationList section */
	};
	rootObject = EAFF14051B4AC31F00281EED /* Project object */;
}
